// !$*UTF8*$!
{
	archiveVersion = 1;
	classes = {
	};
	objectVersion = 55;
	objects = {

/* Begin PBXBuildFile section */
		38A9AADF281FC56A002BFB4B /* CategoryBtn.swift in Sources */ = {isa = PBXBuildFile; fileRef = 38A9AADE281FC56A002BFB4B /* CategoryBtn.swift */; };
		38A9AAE1281FCEEB002BFB4B /* InfoCardBtn.swift in Sources */ = {isa = PBXBuildFile; fileRef = 38A9AAE0281FCEEB002BFB4B /* InfoCardBtn.swift */; };
		38A9AD9328200DB3002BFB4B /* MapModel.swift in Sources */ = {isa = PBXBuildFile; fileRef = 38A9AD9228200DB3002BFB4B /* MapModel.swift */; };
		38A9ADA02821457A002BFB4B /* LoginMain.swift in Sources */ = {isa = PBXBuildFile; fileRef = 38A9AD9F2821457A002BFB4B /* LoginMain.swift */; };
		38A9ADA32821483C002BFB4B /* LoginView.swift in Sources */ = {isa = PBXBuildFile; fileRef = 38A9ADA22821483C002BFB4B /* LoginView.swift */; };
		38A9ADA528215A3E002BFB4B /* RegisterView.swift in Sources */ = {isa = PBXBuildFile; fileRef = 38A9ADA428215A3E002BFB4B /* RegisterView.swift */; };
		38A9ADA728215BAB002BFB4B /* ProfileView.swift in Sources */ = {isa = PBXBuildFile; fileRef = 38A9ADA628215BAB002BFB4B /* ProfileView.swift */; };
		38A9ADAA28215BFD002BFB4B /* UserData.swift in Sources */ = {isa = PBXBuildFile; fileRef = 38A9ADA928215BFD002BFB4B /* UserData.swift */; };
		38A9ADAC2821786B002BFB4B /* OtherUserProfileView.swift in Sources */ = {isa = PBXBuildFile; fileRef = 38A9ADAB2821786B002BFB4B /* OtherUserProfileView.swift */; };
		38A9ADAE28217906002BFB4B /* UserListView.swift in Sources */ = {isa = PBXBuildFile; fileRef = 38A9ADAD28217906002BFB4B /* UserListView.swift */; };
		38A9ADB128217D25002BFB4B /* Alamofire in Frameworks */ = {isa = PBXBuildFile; productRef = 38A9ADB028217D25002BFB4B /* Alamofire */; };
		38A9ADB628218313002BFB4B /* ApiClient.swift in Sources */ = {isa = PBXBuildFile; fileRef = 38A9ADB528218313002BFB4B /* ApiClient.swift */; };
		38A9ADB828218414002BFB4B /* BaseInterceptor.swift in Sources */ = {isa = PBXBuildFile; fileRef = 38A9ADB728218414002BFB4B /* BaseInterceptor.swift */; };
		38A9ADBA282188FE002BFB4B /* ApiLogger.swift in Sources */ = {isa = PBXBuildFile; fileRef = 38A9ADB9282188FE002BFB4B /* ApiLogger.swift */; };
		38A9ADBC28218B31002BFB4B /* AuthRouter.swift in Sources */ = {isa = PBXBuildFile; fileRef = 38A9ADBB28218B31002BFB4B /* AuthRouter.swift */; };
		38AE093C281D38FC0035EB0C /* TeamPlaceApp.swift in Sources */ = {isa = PBXBuildFile; fileRef = 38AE093B281D38FC0035EB0C /* TeamPlaceApp.swift */; };
		38AE093E281D38FC0035EB0C /* MainView.swift in Sources */ = {isa = PBXBuildFile; fileRef = 38AE093D281D38FC0035EB0C /* MainView.swift */; };
		38AE0940281D38FD0035EB0C /* Assets.xcassets in Resources */ = {isa = PBXBuildFile; fileRef = 38AE093F281D38FD0035EB0C /* Assets.xcassets */; };
		38AE0943281D38FD0035EB0C /* Preview Assets.xcassets in Resources */ = {isa = PBXBuildFile; fileRef = 38AE0942281D38FD0035EB0C /* Preview Assets.xcassets */; };
		38AE0969281E35A00035EB0C /* PlaceData.swift in Sources */ = {isa = PBXBuildFile; fileRef = 38AE0968281E35A00035EB0C /* PlaceData.swift */; };
		38AE0971281E43400035EB0C /* MyPlaceList.swift in Sources */ = {isa = PBXBuildFile; fileRef = 38AE0970281E43400035EB0C /* MyPlaceList.swift */; };
		38AE0973281E9D090035EB0C /* PlaceList.swift in Sources */ = {isa = PBXBuildFile; fileRef = 38AE0972281E9D090035EB0C /* PlaceList.swift */; };
		38AE0975281EBC170035EB0C /* MainScroll.swift in Sources */ = {isa = PBXBuildFile; fileRef = 38AE0974281EBC170035EB0C /* MainScroll.swift */; };
		38AE0977281ED4860035EB0C /* AddPlaceView.swift in Sources */ = {isa = PBXBuildFile; fileRef = 38AE0976281ED4860035EB0C /* AddPlaceView.swift */; };
		38AE0979281ED7880035EB0C /* PlaceInfoView.swift in Sources */ = {isa = PBXBuildFile; fileRef = 38AE0978281ED7880035EB0C /* PlaceInfoView.swift */; };
/* End PBXBuildFile section */

/* Begin PBXContainerItemProxy section */
		38AE0949281D38FD0035EB0C /* PBXContainerItemProxy */ = {
			isa = PBXContainerItemProxy;
			containerPortal = 38AE0930281D38FC0035EB0C /* Project object */;
			proxyType = 1;
			remoteGlobalIDString = 38AE0937281D38FC0035EB0C;
			remoteInfo = TeamPlace;
		};
		38AE0953281D38FD0035EB0C /* PBXContainerItemProxy */ = {
			isa = PBXContainerItemProxy;
			containerPortal = 38AE0930281D38FC0035EB0C /* Project object */;
			proxyType = 1;
			remoteGlobalIDString = 38AE0937281D38FC0035EB0C;
			remoteInfo = TeamPlace;
		};
/* End PBXContainerItemProxy section */

/* Begin PBXFileReference section */
		38A9AADE281FC56A002BFB4B /* CategoryBtn.swift */ = {isa = PBXFileReference; lastKnownFileType = sourcecode.swift; path = CategoryBtn.swift; sourceTree = "<group>"; };
		38A9AAE0281FCEEB002BFB4B /* InfoCardBtn.swift */ = {isa = PBXFileReference; lastKnownFileType = sourcecode.swift; path = InfoCardBtn.swift; sourceTree = "<group>"; };
		38A9AD9228200DB3002BFB4B /* MapModel.swift */ = {isa = PBXFileReference; lastKnownFileType = sourcecode.swift; path = MapModel.swift; sourceTree = "<group>"; };
		38A9AD942820148C002BFB4B /* Info.plist */ = {isa = PBXFileReference; lastKnownFileType = text.plist; path = Info.plist; sourceTree = "<group>"; };
		38A9AD9F2821457A002BFB4B /* LoginMain.swift */ = {isa = PBXFileReference; lastKnownFileType = sourcecode.swift; path = LoginMain.swift; sourceTree = "<group>"; };
		38A9ADA22821483C002BFB4B /* LoginView.swift */ = {isa = PBXFileReference; lastKnownFileType = sourcecode.swift; path = LoginView.swift; sourceTree = "<group>"; };
		38A9ADA428215A3E002BFB4B /* RegisterView.swift */ = {isa = PBXFileReference; lastKnownFileType = sourcecode.swift; path = RegisterView.swift; sourceTree = "<group>"; };
		38A9ADA628215BAB002BFB4B /* ProfileView.swift */ = {isa = PBXFileReference; lastKnownFileType = sourcecode.swift; path = ProfileView.swift; sourceTree = "<group>"; };
		38A9ADA928215BFD002BFB4B /* UserData.swift */ = {isa = PBXFileReference; lastKnownFileType = sourcecode.swift; path = UserData.swift; sourceTree = "<group>"; };
		38A9ADAB2821786B002BFB4B /* OtherUserProfileView.swift */ = {isa = PBXFileReference; lastKnownFileType = sourcecode.swift; path = OtherUserProfileView.swift; sourceTree = "<group>"; };
		38A9ADAD28217906002BFB4B /* UserListView.swift */ = {isa = PBXFileReference; lastKnownFileType = sourcecode.swift; path = UserListView.swift; sourceTree = "<group>"; };
		38A9ADB528218313002BFB4B /* ApiClient.swift */ = {isa = PBXFileReference; lastKnownFileType = sourcecode.swift; path = ApiClient.swift; sourceTree = "<group>"; };
		38A9ADB728218414002BFB4B /* BaseInterceptor.swift */ = {isa = PBXFileReference; lastKnownFileType = sourcecode.swift; path = BaseInterceptor.swift; sourceTree = "<group>"; };
		38A9ADB9282188FE002BFB4B /* ApiLogger.swift */ = {isa = PBXFileReference; lastKnownFileType = sourcecode.swift; path = ApiLogger.swift; sourceTree = "<group>"; };
		38A9ADBB28218B31002BFB4B /* AuthRouter.swift */ = {isa = PBXFileReference; lastKnownFileType = sourcecode.swift; path = AuthRouter.swift; sourceTree = "<group>"; };
		38AE0938281D38FC0035EB0C /* TeamPlace.app */ = {isa = PBXFileReference; explicitFileType = wrapper.application; includeInIndex = 0; path = TeamPlace.app; sourceTree = BUILT_PRODUCTS_DIR; };
		38AE093B281D38FC0035EB0C /* TeamPlaceApp.swift */ = {isa = PBXFileReference; lastKnownFileType = sourcecode.swift; path = TeamPlaceApp.swift; sourceTree = "<group>"; };
		38AE093D281D38FC0035EB0C /* MainView.swift */ = {isa = PBXFileReference; lastKnownFileType = sourcecode.swift; path = MainView.swift; sourceTree = "<group>"; };
		38AE093F281D38FD0035EB0C /* Assets.xcassets */ = {isa = PBXFileReference; lastKnownFileType = folder.assetcatalog; path = Assets.xcassets; sourceTree = "<group>"; };
		38AE0942281D38FD0035EB0C /* Preview Assets.xcassets */ = {isa = PBXFileReference; lastKnownFileType = folder.assetcatalog; path = "Preview Assets.xcassets"; sourceTree = "<group>"; };
		38AE0948281D38FD0035EB0C /* TeamPlaceTests.xctest */ = {isa = PBXFileReference; explicitFileType = wrapper.cfbundle; includeInIndex = 0; path = TeamPlaceTests.xctest; sourceTree = BUILT_PRODUCTS_DIR; };
		38AE0952281D38FD0035EB0C /* TeamPlaceUITests.xctest */ = {isa = PBXFileReference; explicitFileType = wrapper.cfbundle; includeInIndex = 0; path = TeamPlaceUITests.xctest; sourceTree = BUILT_PRODUCTS_DIR; };
		38AE0968281E35A00035EB0C /* PlaceData.swift */ = {isa = PBXFileReference; lastKnownFileType = sourcecode.swift; path = PlaceData.swift; sourceTree = "<group>"; };
		38AE0970281E43400035EB0C /* MyPlaceList.swift */ = {isa = PBXFileReference; lastKnownFileType = sourcecode.swift; path = MyPlaceList.swift; sourceTree = "<group>"; };
		38AE0972281E9D090035EB0C /* PlaceList.swift */ = {isa = PBXFileReference; lastKnownFileType = sourcecode.swift; path = PlaceList.swift; sourceTree = "<group>"; };
		38AE0974281EBC170035EB0C /* MainScroll.swift */ = {isa = PBXFileReference; lastKnownFileType = sourcecode.swift; path = MainScroll.swift; sourceTree = "<group>"; };
		38AE0976281ED4860035EB0C /* AddPlaceView.swift */ = {isa = PBXFileReference; lastKnownFileType = sourcecode.swift; path = AddPlaceView.swift; sourceTree = "<group>"; };
		38AE0978281ED7880035EB0C /* PlaceInfoView.swift */ = {isa = PBXFileReference; lastKnownFileType = sourcecode.swift; path = PlaceInfoView.swift; sourceTree = "<group>"; };
/* End PBXFileReference section */

/* Begin PBXFrameworksBuildPhase section */
		38AE0935281D38FC0035EB0C /* Frameworks */ = {
			isa = PBXFrameworksBuildPhase;
			buildActionMask = 2147483647;
			files = (
				38A9ADB128217D25002BFB4B /* Alamofire in Frameworks */,
			);
			runOnlyForDeploymentPostprocessing = 0;
		};
		38AE0945281D38FD0035EB0C /* Frameworks */ = {
			isa = PBXFrameworksBuildPhase;
			buildActionMask = 2147483647;
			files = (
			);
			runOnlyForDeploymentPostprocessing = 0;
		};
		38AE094F281D38FD0035EB0C /* Frameworks */ = {
			isa = PBXFrameworksBuildPhase;
			buildActionMask = 2147483647;
			files = (
			);
			runOnlyForDeploymentPostprocessing = 0;
		};
/* End PBXFrameworksBuildPhase section */

/* Begin PBXGroup section */
		38A9AD972820C35B002BFB4B /* MainView */ = {
			isa = PBXGroup;
			children = (
				38AE093D281D38FC0035EB0C /* MainView.swift */,
				38AE0974281EBC170035EB0C /* MainScroll.swift */,
				38A9AADE281FC56A002BFB4B /* CategoryBtn.swift */,
				38AE0970281E43400035EB0C /* MyPlaceList.swift */,
				38AE0972281E9D090035EB0C /* PlaceList.swift */,
			);
			path = MainView;
			sourceTree = "<group>";
		};
		38A9AD982820C37C002BFB4B /* InfoView */ = {
			isa = PBXGroup;
			children = (
				38A9AD9228200DB3002BFB4B /* MapModel.swift */,
				38AE0978281ED7880035EB0C /* PlaceInfoView.swift */,
				38A9AAE0281FCEEB002BFB4B /* InfoCardBtn.swift */,
			);
			path = InfoView;
			sourceTree = "<group>";
		};
		38A9ADA12821481A002BFB4B /* LoginView */ = {
			isa = PBXGroup;
			children = (
				38A9ADA828215BF4002BFB4B /* Model */,
				38A9AD9F2821457A002BFB4B /* LoginMain.swift */,
				38A9ADA22821483C002BFB4B /* LoginView.swift */,
				38A9ADA428215A3E002BFB4B /* RegisterView.swift */,
				38A9ADA628215BAB002BFB4B /* ProfileView.swift */,
				38A9ADAB2821786B002BFB4B /* OtherUserProfileView.swift */,
				38A9ADAD28217906002BFB4B /* UserListView.swift */,
			);
			path = LoginView;
			sourceTree = "<group>";
		};
		38A9ADA828215BF4002BFB4B /* Model */ = {
			isa = PBXGroup;
			children = (
				38A9ADA928215BFD002BFB4B /* UserData.swift */,
			);
			path = Model;
			sourceTree = "<group>";
		};
		38A9ADB2282182CE002BFB4B /* API */ = {
			isa = PBXGroup;
			children = (
				38A9ADB4282182F4002BFB4B /* Interceptor */,
				38A9ADB3282182E3002BFB4B /* Router */,
				38A9ADB528218313002BFB4B /* ApiClient.swift */,
				38A9ADB9282188FE002BFB4B /* ApiLogger.swift */,
			);
			path = API;
			sourceTree = "<group>";
		};
		38A9ADB3282182E3002BFB4B /* Router */ = {
			isa = PBXGroup;
			children = (
				38A9ADBB28218B31002BFB4B /* AuthRouter.swift */,
			);
			path = Router;
			sourceTree = "<group>";
		};
		38A9ADB4282182F4002BFB4B /* Interceptor */ = {
			isa = PBXGroup;
			children = (
				38A9ADB728218414002BFB4B /* BaseInterceptor.swift */,
			);
			path = Interceptor;
			sourceTree = "<group>";
		};
		38AE092F281D38FC0035EB0C = {
			isa = PBXGroup;
			children = (
				38AE093A281D38FC0035EB0C /* TeamPlace */,
				38AE0939281D38FC0035EB0C /* Products */,
			);
			sourceTree = "<group>";
		};
		38AE0939281D38FC0035EB0C /* Products */ = {
			isa = PBXGroup;
			children = (
				38AE0938281D38FC0035EB0C /* TeamPlace.app */,
				38AE0948281D38FD0035EB0C /* TeamPlaceTests.xctest */,
				38AE0952281D38FD0035EB0C /* TeamPlaceUITests.xctest */,
			);
			name = Products;
			sourceTree = "<group>";
		};
		38AE093A281D38FC0035EB0C /* TeamPlace */ = {
			isa = PBXGroup;
			children = (
				38A9ADB2282182CE002BFB4B /* API */,
				38A9ADA12821481A002BFB4B /* LoginView */,
				38A9AD982820C37C002BFB4B /* InfoView */,
				38A9AD972820C35B002BFB4B /* MainView */,
				38A9AD942820148C002BFB4B /* Info.plist */,
				38AE093B281D38FC0035EB0C /* TeamPlaceApp.swift */,
				38AE0976281ED4860035EB0C /* AddPlaceView.swift */,
				38AE0967281E358C0035EB0C /* Data */,
				38AE093F281D38FD0035EB0C /* Assets.xcassets */,
				38AE0941281D38FD0035EB0C /* Preview Content */,
			);
			path = TeamPlace;
			sourceTree = "<group>";
		};
		38AE0941281D38FD0035EB0C /* Preview Content */ = {
			isa = PBXGroup;
			children = (
				38AE0942281D38FD0035EB0C /* Preview Assets.xcassets */,
			);
			path = "Preview Content";
			sourceTree = "<group>";
		};
		38AE0967281E358C0035EB0C /* Data */ = {
			isa = PBXGroup;
			children = (
				38AE0968281E35A00035EB0C /* PlaceData.swift */,
			);
			path = Data;
			sourceTree = "<group>";
		};
/* End PBXGroup section */

/* Begin PBXNativeTarget section */
		38AE0937281D38FC0035EB0C /* TeamPlace */ = {
			isa = PBXNativeTarget;
			buildConfigurationList = 38AE095C281D38FD0035EB0C /* Build configuration list for PBXNativeTarget "TeamPlace" */;
			buildPhases = (
				38AE0934281D38FC0035EB0C /* Sources */,
				38AE0935281D38FC0035EB0C /* Frameworks */,
				38AE0936281D38FC0035EB0C /* Resources */,
			);
			buildRules = (
			);
			dependencies = (
			);
			name = TeamPlace;
			packageProductDependencies = (
				38A9ADB028217D25002BFB4B /* Alamofire */,
			);
			productName = TeamPlace;
			productReference = 38AE0938281D38FC0035EB0C /* TeamPlace.app */;
			productType = "com.apple.product-type.application";
		};
		38AE0947281D38FD0035EB0C /* TeamPlaceTests */ = {
			isa = PBXNativeTarget;
			buildConfigurationList = 38AE095F281D38FD0035EB0C /* Build configuration list for PBXNativeTarget "TeamPlaceTests" */;
			buildPhases = (
				38AE0944281D38FD0035EB0C /* Sources */,
				38AE0945281D38FD0035EB0C /* Frameworks */,
				38AE0946281D38FD0035EB0C /* Resources */,
			);
			buildRules = (
			);
			dependencies = (
				38AE094A281D38FD0035EB0C /* PBXTargetDependency */,
			);
			name = TeamPlaceTests;
			productName = TeamPlaceTests;
			productReference = 38AE0948281D38FD0035EB0C /* TeamPlaceTests.xctest */;
			productType = "com.apple.product-type.bundle.unit-test";
		};
		38AE0951281D38FD0035EB0C /* TeamPlaceUITests */ = {
			isa = PBXNativeTarget;
			buildConfigurationList = 38AE0962281D38FD0035EB0C /* Build configuration list for PBXNativeTarget "TeamPlaceUITests" */;
			buildPhases = (
				38AE094E281D38FD0035EB0C /* Sources */,
				38AE094F281D38FD0035EB0C /* Frameworks */,
				38AE0950281D38FD0035EB0C /* Resources */,
			);
			buildRules = (
			);
			dependencies = (
				38AE0954281D38FD0035EB0C /* PBXTargetDependency */,
			);
			name = TeamPlaceUITests;
			productName = TeamPlaceUITests;
			productReference = 38AE0952281D38FD0035EB0C /* TeamPlaceUITests.xctest */;
			productType = "com.apple.product-type.bundle.ui-testing";
		};
/* End PBXNativeTarget section */

/* Begin PBXProject section */
		38AE0930281D38FC0035EB0C /* Project object */ = {
			isa = PBXProject;
			attributes = {
				BuildIndependentTargetsInParallel = 1;
				LastSwiftUpdateCheck = 1330;
				LastUpgradeCheck = 1330;
				TargetAttributes = {
					38AE0937281D38FC0035EB0C = {
						CreatedOnToolsVersion = 13.3.1;
					};
					38AE0947281D38FD0035EB0C = {
						CreatedOnToolsVersion = 13.3.1;
						TestTargetID = 38AE0937281D38FC0035EB0C;
					};
					38AE0951281D38FD0035EB0C = {
						CreatedOnToolsVersion = 13.3.1;
						TestTargetID = 38AE0937281D38FC0035EB0C;
					};
				};
			};
			buildConfigurationList = 38AE0933281D38FC0035EB0C /* Build configuration list for PBXProject "TeamPlace" */;
			compatibilityVersion = "Xcode 13.0";
			developmentRegion = en;
			hasScannedForEncodings = 0;
			knownRegions = (
				en,
				Base,
			);
			mainGroup = 38AE092F281D38FC0035EB0C;
			packageReferences = (
				38A9ADAF28217D25002BFB4B /* XCRemoteSwiftPackageReference "Alamofire" */,
			);
			productRefGroup = 38AE0939281D38FC0035EB0C /* Products */;
			projectDirPath = "";
			projectRoot = "";
			targets = (
				38AE0937281D38FC0035EB0C /* TeamPlace */,
				38AE0947281D38FD0035EB0C /* TeamPlaceTests */,
				38AE0951281D38FD0035EB0C /* TeamPlaceUITests */,
			);
		};
/* End PBXProject section */

/* Begin PBXResourcesBuildPhase section */
		38AE0936281D38FC0035EB0C /* Resources */ = {
			isa = PBXResourcesBuildPhase;
			buildActionMask = 2147483647;
			files = (
				38AE0943281D38FD0035EB0C /* Preview Assets.xcassets in Resources */,
				38AE0940281D38FD0035EB0C /* Assets.xcassets in Resources */,
			);
			runOnlyForDeploymentPostprocessing = 0;
		};
		38AE0946281D38FD0035EB0C /* Resources */ = {
			isa = PBXResourcesBuildPhase;
			buildActionMask = 2147483647;
			files = (
			);
			runOnlyForDeploymentPostprocessing = 0;
		};
		38AE0950281D38FD0035EB0C /* Resources */ = {
			isa = PBXResourcesBuildPhase;
			buildActionMask = 2147483647;
			files = (
			);
			runOnlyForDeploymentPostprocessing = 0;
		};
/* End PBXResourcesBuildPhase section */

/* Begin PBXSourcesBuildPhase section */
		38AE0934281D38FC0035EB0C /* Sources */ = {
			isa = PBXSourcesBuildPhase;
			buildActionMask = 2147483647;
			files = (
				38AE093E281D38FC0035EB0C /* MainView.swift in Sources */,
				38A9ADAE28217906002BFB4B /* UserListView.swift in Sources */,
				38A9AADF281FC56A002BFB4B /* CategoryBtn.swift in Sources */,
				38A9ADAA28215BFD002BFB4B /* UserData.swift in Sources */,
				38AE0973281E9D090035EB0C /* PlaceList.swift in Sources */,
				38A9ADAC2821786B002BFB4B /* OtherUserProfileView.swift in Sources */,
				38A9ADB828218414002BFB4B /* BaseInterceptor.swift in Sources */,
				38A9ADA528215A3E002BFB4B /* RegisterView.swift in Sources */,
				38A9ADBC28218B31002BFB4B /* AuthRouter.swift in Sources */,
				38A9ADA02821457A002BFB4B /* LoginMain.swift in Sources */,
				38A9ADBA282188FE002BFB4B /* ApiLogger.swift in Sources */,
				38AE0979281ED7880035EB0C /* PlaceInfoView.swift in Sources */,
				38AE0975281EBC170035EB0C /* MainScroll.swift in Sources */,
				38A9ADA728215BAB002BFB4B /* ProfileView.swift in Sources */,
				38AE0969281E35A00035EB0C /* PlaceData.swift in Sources */,
				38A9ADB628218313002BFB4B /* ApiClient.swift in Sources */,
				38A9AD9328200DB3002BFB4B /* MapModel.swift in Sources */,
				38AE0977281ED4860035EB0C /* AddPlaceView.swift in Sources */,
				38AE093C281D38FC0035EB0C /* TeamPlaceApp.swift in Sources */,
				38A9ADA32821483C002BFB4B /* LoginView.swift in Sources */,
				38A9AAE1281FCEEB002BFB4B /* InfoCardBtn.swift in Sources */,
				38AE0971281E43400035EB0C /* MyPlaceList.swift in Sources */,
			);
			runOnlyForDeploymentPostprocessing = 0;
		};
		38AE0944281D38FD0035EB0C /* Sources */ = {
			isa = PBXSourcesBuildPhase;
			buildActionMask = 2147483647;
			files = (
			);
			runOnlyForDeploymentPostprocessing = 0;
		};
		38AE094E281D38FD0035EB0C /* Sources */ = {
			isa = PBXSourcesBuildPhase;
			buildActionMask = 2147483647;
			files = (
			);
			runOnlyForDeploymentPostprocessing = 0;
		};
/* End PBXSourcesBuildPhase section */

/* Begin PBXTargetDependency section */
		38AE094A281D38FD0035EB0C /* PBXTargetDependency */ = {
			isa = PBXTargetDependency;
			target = 38AE0937281D38FC0035EB0C /* TeamPlace */;
			targetProxy = 38AE0949281D38FD0035EB0C /* PBXContainerItemProxy */;
		};
		38AE0954281D38FD0035EB0C /* PBXTargetDependency */ = {
			isa = PBXTargetDependency;
			target = 38AE0937281D38FC0035EB0C /* TeamPlace */;
			targetProxy = 38AE0953281D38FD0035EB0C /* PBXContainerItemProxy */;
		};
/* End PBXTargetDependency section */

/* Begin XCBuildConfiguration section */
		38AE095A281D38FD0035EB0C /* Debug */ = {
			isa = XCBuildConfiguration;
			buildSettings = {
				ALWAYS_SEARCH_USER_PATHS = NO;
				CLANG_ANALYZER_NONNULL = YES;
				CLANG_ANALYZER_NUMBER_OBJECT_CONVERSION = YES_AGGRESSIVE;
				CLANG_CXX_LANGUAGE_STANDARD = "gnu++17";
				CLANG_ENABLE_MODULES = YES;
				CLANG_ENABLE_OBJC_ARC = YES;
				CLANG_ENABLE_OBJC_WEAK = YES;
				CLANG_WARN_BLOCK_CAPTURE_AUTORELEASING = YES;
				CLANG_WARN_BOOL_CONVERSION = YES;
				CLANG_WARN_COMMA = YES;
				CLANG_WARN_CONSTANT_CONVERSION = YES;
				CLANG_WARN_DEPRECATED_OBJC_IMPLEMENTATIONS = YES;
				CLANG_WARN_DIRECT_OBJC_ISA_USAGE = YES_ERROR;
				CLANG_WARN_DOCUMENTATION_COMMENTS = YES;
				CLANG_WARN_EMPTY_BODY = YES;
				CLANG_WARN_ENUM_CONVERSION = YES;
				CLANG_WARN_INFINITE_RECURSION = YES;
				CLANG_WARN_INT_CONVERSION = YES;
				CLANG_WARN_NON_LITERAL_NULL_CONVERSION = YES;
				CLANG_WARN_OBJC_IMPLICIT_RETAIN_SELF = YES;
				CLANG_WARN_OBJC_LITERAL_CONVERSION = YES;
				CLANG_WARN_OBJC_ROOT_CLASS = YES_ERROR;
				CLANG_WARN_QUOTED_INCLUDE_IN_FRAMEWORK_HEADER = YES;
				CLANG_WARN_RANGE_LOOP_ANALYSIS = YES;
				CLANG_WARN_STRICT_PROTOTYPES = YES;
				CLANG_WARN_SUSPICIOUS_MOVE = YES;
				CLANG_WARN_UNGUARDED_AVAILABILITY = YES_AGGRESSIVE;
				CLANG_WARN_UNREACHABLE_CODE = YES;
				CLANG_WARN__DUPLICATE_METHOD_MATCH = YES;
				COPY_PHASE_STRIP = NO;
				DEBUG_INFORMATION_FORMAT = dwarf;
				ENABLE_STRICT_OBJC_MSGSEND = YES;
				ENABLE_TESTABILITY = YES;
				GCC_C_LANGUAGE_STANDARD = gnu11;
				GCC_DYNAMIC_NO_PIC = NO;
				GCC_NO_COMMON_BLOCKS = YES;
				GCC_OPTIMIZATION_LEVEL = 0;
				GCC_PREPROCESSOR_DEFINITIONS = (
					"DEBUG=1",
					"$(inherited)",
				);
				GCC_WARN_64_TO_32_BIT_CONVERSION = YES;
				GCC_WARN_ABOUT_RETURN_TYPE = YES_ERROR;
				GCC_WARN_UNDECLARED_SELECTOR = YES;
				GCC_WARN_UNINITIALIZED_AUTOS = YES_AGGRESSIVE;
				GCC_WARN_UNUSED_FUNCTION = YES;
				GCC_WARN_UNUSED_VARIABLE = YES;
				IPHONEOS_DEPLOYMENT_TARGET = 15.4;
				MTL_ENABLE_DEBUG_INFO = INCLUDE_SOURCE;
				MTL_FAST_MATH = YES;
				ONLY_ACTIVE_ARCH = YES;
				SDKROOT = iphoneos;
				SWIFT_ACTIVE_COMPILATION_CONDITIONS = DEBUG;
				SWIFT_OPTIMIZATION_LEVEL = "-Onone";
			};
			name = Debug;
		};
		38AE095B281D38FD0035EB0C /* Release */ = {
			isa = XCBuildConfiguration;
			buildSettings = {
				ALWAYS_SEARCH_USER_PATHS = NO;
				CLANG_ANALYZER_NONNULL = YES;
				CLANG_ANALYZER_NUMBER_OBJECT_CONVERSION = YES_AGGRESSIVE;
				CLANG_CXX_LANGUAGE_STANDARD = "gnu++17";
				CLANG_ENABLE_MODULES = YES;
				CLANG_ENABLE_OBJC_ARC = YES;
				CLANG_ENABLE_OBJC_WEAK = YES;
				CLANG_WARN_BLOCK_CAPTURE_AUTORELEASING = YES;
				CLANG_WARN_BOOL_CONVERSION = YES;
				CLANG_WARN_COMMA = YES;
				CLANG_WARN_CONSTANT_CONVERSION = YES;
				CLANG_WARN_DEPRECATED_OBJC_IMPLEMENTATIONS = YES;
				CLANG_WARN_DIRECT_OBJC_ISA_USAGE = YES_ERROR;
				CLANG_WARN_DOCUMENTATION_COMMENTS = YES;
				CLANG_WARN_EMPTY_BODY = YES;
				CLANG_WARN_ENUM_CONVERSION = YES;
				CLANG_WARN_INFINITE_RECURSION = YES;
				CLANG_WARN_INT_CONVERSION = YES;
				CLANG_WARN_NON_LITERAL_NULL_CONVERSION = YES;
				CLANG_WARN_OBJC_IMPLICIT_RETAIN_SELF = YES;
				CLANG_WARN_OBJC_LITERAL_CONVERSION = YES;
				CLANG_WARN_OBJC_ROOT_CLASS = YES_ERROR;
				CLANG_WARN_QUOTED_INCLUDE_IN_FRAMEWORK_HEADER = YES;
				CLANG_WARN_RANGE_LOOP_ANALYSIS = YES;
				CLANG_WARN_STRICT_PROTOTYPES = YES;
				CLANG_WARN_SUSPICIOUS_MOVE = YES;
				CLANG_WARN_UNGUARDED_AVAILABILITY = YES_AGGRESSIVE;
				CLANG_WARN_UNREACHABLE_CODE = YES;
				CLANG_WARN__DUPLICATE_METHOD_MATCH = YES;
				COPY_PHASE_STRIP = NO;
				DEBUG_INFORMATION_FORMAT = "dwarf-with-dsym";
				ENABLE_NS_ASSERTIONS = NO;
				ENABLE_STRICT_OBJC_MSGSEND = YES;
				GCC_C_LANGUAGE_STANDARD = gnu11;
				GCC_NO_COMMON_BLOCKS = YES;
				GCC_WARN_64_TO_32_BIT_CONVERSION = YES;
				GCC_WARN_ABOUT_RETURN_TYPE = YES_ERROR;
				GCC_WARN_UNDECLARED_SELECTOR = YES;
				GCC_WARN_UNINITIALIZED_AUTOS = YES_AGGRESSIVE;
				GCC_WARN_UNUSED_FUNCTION = YES;
				GCC_WARN_UNUSED_VARIABLE = YES;
				IPHONEOS_DEPLOYMENT_TARGET = 15.4;
				MTL_ENABLE_DEBUG_INFO = NO;
				MTL_FAST_MATH = YES;
				SDKROOT = iphoneos;
				SWIFT_COMPILATION_MODE = wholemodule;
				SWIFT_OPTIMIZATION_LEVEL = "-O";
				VALIDATE_PRODUCT = YES;
			};
			name = Release;
		};
		38AE095D281D38FD0035EB0C /* Debug */ = {
			isa = XCBuildConfiguration;
			buildSettings = {
				ASSETCATALOG_COMPILER_APPICON_NAME = AppIcon;
				ASSETCATALOG_COMPILER_GLOBAL_ACCENT_COLOR_NAME = AccentColor;
				CODE_SIGN_STYLE = Automatic;
				CURRENT_PROJECT_VERSION = 1;
				DEVELOPMENT_ASSET_PATHS = "\"TeamPlace/Preview Content\"";
				DEVELOPMENT_TEAM = 82DRSFKFS9;
				ENABLE_PREVIEWS = YES;
				GENERATE_INFOPLIST_FILE = YES;
				INFOPLIST_FILE = TeamPlace/Info.plist;
				INFOPLIST_KEY_UIApplicationSceneManifest_Generation = YES;
				INFOPLIST_KEY_UIApplicationSupportsIndirectInputEvents = YES;
				INFOPLIST_KEY_UILaunchScreen_Generation = YES;
				INFOPLIST_KEY_UISupportedInterfaceOrientations_iPad = "UIInterfaceOrientationPortrait UIInterfaceOrientationPortraitUpsideDown UIInterfaceOrientationLandscapeLeft UIInterfaceOrientationLandscapeRight";
				INFOPLIST_KEY_UISupportedInterfaceOrientations_iPhone = "UIInterfaceOrientationPortrait UIInterfaceOrientationLandscapeLeft UIInterfaceOrientationLandscapeRight";
				LD_RUNPATH_SEARCH_PATHS = (
					"$(inherited)",
					"@executable_path/Frameworks",
				);
				MARKETING_VERSION = 1.0;
				PRODUCT_BUNDLE_IDENTIFIER = com.jisoo.TeamPlace;
				PRODUCT_NAME = "$(TARGET_NAME)";
				SWIFT_EMIT_LOC_STRINGS = YES;
				SWIFT_VERSION = 5.0;
				TARGETED_DEVICE_FAMILY = "1,2";
			};
			name = Debug;
		};
		38AE095E281D38FD0035EB0C /* Release */ = {
			isa = XCBuildConfiguration;
			buildSettings = {
				ASSETCATALOG_COMPILER_APPICON_NAME = AppIcon;
				ASSETCATALOG_COMPILER_GLOBAL_ACCENT_COLOR_NAME = AccentColor;
				CODE_SIGN_STYLE = Automatic;
				CURRENT_PROJECT_VERSION = 1;
				DEVELOPMENT_ASSET_PATHS = "\"TeamPlace/Preview Content\"";
				DEVELOPMENT_TEAM = 82DRSFKFS9;
				ENABLE_PREVIEWS = YES;
				GENERATE_INFOPLIST_FILE = YES;
				INFOPLIST_FILE = TeamPlace/Info.plist;
				INFOPLIST_KEY_UIApplicationSceneManifest_Generation = YES;
				INFOPLIST_KEY_UIApplicationSupportsIndirectInputEvents = YES;
				INFOPLIST_KEY_UILaunchScreen_Generation = YES;
				INFOPLIST_KEY_UISupportedInterfaceOrientations_iPad = "UIInterfaceOrientationPortrait UIInterfaceOrientationPortraitUpsideDown UIInterfaceOrientationLandscapeLeft UIInterfaceOrientationLandscapeRight";
				INFOPLIST_KEY_UISupportedInterfaceOrientations_iPhone = "UIInterfaceOrientationPortrait UIInterfaceOrientationLandscapeLeft UIInterfaceOrientationLandscapeRight";
				LD_RUNPATH_SEARCH_PATHS = (
					"$(inherited)",
					"@executable_path/Frameworks",
				);
				MARKETING_VERSION = 1.0;
				PRODUCT_BUNDLE_IDENTIFIER = com.jisoo.TeamPlace;
				PRODUCT_NAME = "$(TARGET_NAME)";
				SWIFT_EMIT_LOC_STRINGS = YES;
				SWIFT_VERSION = 5.0;
				TARGETED_DEVICE_FAMILY = "1,2";
			};
			name = Release;
		};
		38AE0960281D38FD0035EB0C /* Debug */ = {
			isa = XCBuildConfiguration;
			buildSettings = {
				ALWAYS_EMBED_SWIFT_STANDARD_LIBRARIES = YES;
				BUNDLE_LOADER = "$(TEST_HOST)";
				CODE_SIGN_STYLE = Automatic;
				CURRENT_PROJECT_VERSION = 1;
				DEVELOPMENT_TEAM = 82DRSFKFS9;
				GENERATE_INFOPLIST_FILE = YES;
				IPHONEOS_DEPLOYMENT_TARGET = 15.4;
				MARKETING_VERSION = 1.0;
				PRODUCT_BUNDLE_IDENTIFIER = com.jisoo.TeamPlaceTests;
				PRODUCT_NAME = "$(TARGET_NAME)";
				SWIFT_EMIT_LOC_STRINGS = NO;
				SWIFT_VERSION = 5.0;
				TARGETED_DEVICE_FAMILY = "1,2";
				TEST_HOST = "$(BUILT_PRODUCTS_DIR)/TeamPlace.app/TeamPlace";
			};
			name = Debug;
		};
		38AE0961281D38FD0035EB0C /* Release */ = {
			isa = XCBuildConfiguration;
			buildSettings = {
				ALWAYS_EMBED_SWIFT_STANDARD_LIBRARIES = YES;
				BUNDLE_LOADER = "$(TEST_HOST)";
				CODE_SIGN_STYLE = Automatic;
				CURRENT_PROJECT_VERSION = 1;
				DEVELOPMENT_TEAM = 82DRSFKFS9;
				GENERATE_INFOPLIST_FILE = YES;
				IPHONEOS_DEPLOYMENT_TARGET = 15.4;
				MARKETING_VERSION = 1.0;
				PRODUCT_BUNDLE_IDENTIFIER = com.jisoo.TeamPlaceTests;
				PRODUCT_NAME = "$(TARGET_NAME)";
				SWIFT_EMIT_LOC_STRINGS = NO;
				SWIFT_VERSION = 5.0;
				TARGETED_DEVICE_FAMILY = "1,2";
				TEST_HOST = "$(BUILT_PRODUCTS_DIR)/TeamPlace.app/TeamPlace";
			};
			name = Release;
		};
		38AE0963281D38FD0035EB0C /* Debug */ = {
			isa = XCBuildConfiguration;
			buildSettings = {
				ALWAYS_EMBED_SWIFT_STANDARD_LIBRARIES = YES;
				CODE_SIGN_STYLE = Automatic;
				CURRENT_PROJECT_VERSION = 1;
				DEVELOPMENT_TEAM = 82DRSFKFS9;
				GENERATE_INFOPLIST_FILE = YES;
				MARKETING_VERSION = 1.0;
				PRODUCT_BUNDLE_IDENTIFIER = com.jisoo.TeamPlaceUITests;
				PRODUCT_NAME = "$(TARGET_NAME)";
				SWIFT_EMIT_LOC_STRINGS = NO;
				SWIFT_VERSION = 5.0;
				TARGETED_DEVICE_FAMILY = "1,2";
				TEST_TARGET_NAME = TeamPlace;
			};
			name = Debug;
		};
		38AE0964281D38FD0035EB0C /* Release */ = {
			isa = XCBuildConfiguration;
			buildSettings = {
				ALWAYS_EMBED_SWIFT_STANDARD_LIBRARIES = YES;
				CODE_SIGN_STYLE = Automatic;
				CURRENT_PROJECT_VERSION = 1;
				DEVELOPMENT_TEAM = 82DRSFKFS9;
				GENERATE_INFOPLIST_FILE = YES;
				MARKETING_VERSION = 1.0;
				PRODUCT_BUNDLE_IDENTIFIER = com.jisoo.TeamPlaceUITests;
				PRODUCT_NAME = "$(TARGET_NAME)";
				SWIFT_EMIT_LOC_STRINGS = NO;
				SWIFT_VERSION = 5.0;
				TARGETED_DEVICE_FAMILY = "1,2";
				TEST_TARGET_NAME = TeamPlace;
			};
			name = Release;
		};
/* End XCBuildConfiguration section */

/* Begin XCConfigurationList section */
		38AE0933281D38FC0035EB0C /* Build configuration list for PBXProject "TeamPlace" */ = {
			isa = XCConfigurationList;
			buildConfigurations = (
				38AE095A281D38FD0035EB0C /* Debug */,
				38AE095B281D38FD0035EB0C /* Release */,
			);
			defaultConfigurationIsVisible = 0;
			defaultConfigurationName = Release;
		};
		38AE095C281D38FD0035EB0C /* Build configuration list for PBXNativeTarget "TeamPlace" */ = {
			isa = XCConfigurationList;
			buildConfigurations = (
				38AE095D281D38FD0035EB0C /* Debug */,
				38AE095E281D38FD0035EB0C /* Release */,
			);
			defaultConfigurationIsVisible = 0;
			defaultConfigurationName = Release;
		};
		38AE095F281D38FD0035EB0C /* Build configuration list for PBXNativeTarget "TeamPlaceTests" */ = {
			isa = XCConfigurationList;
			buildConfigurations = (
				38AE0960281D38FD0035EB0C /* Debug */,
				38AE0961281D38FD0035EB0C /* Release */,
			);
			defaultConfigurationIsVisible = 0;
			defaultConfigurationName = Release;
		};
		38AE0962281D38FD0035EB0C /* Build configuration list for PBXNativeTarget "TeamPlaceUITests" */ = {
			isa = XCConfigurationList;
			buildConfigurations = (
				38AE0963281D38FD0035EB0C /* Debug */,
				38AE0964281D38FD0035EB0C /* Release */,
			);
			defaultConfigurationIsVisible = 0;
			defaultConfigurationName = Release;
		};
/* End XCConfigurationList section */

/* Begin XCRemoteSwiftPackageReference section */
		38A9ADAF28217D25002BFB4B /* XCRemoteSwiftPackageReference "Alamofire" */ = {
			isa = XCRemoteSwiftPackageReference;
			repositoryURL = "https://github.com/Alamofire/Alamofire.git";
			requirement = {
				kind = upToNextMajorVersion;
				minimumVersion = 5.0.0;
			};
		};
/* End XCRemoteSwiftPackageReference section */

/* Begin XCSwiftPackageProductDependency section */
		38A9ADB028217D25002BFB4B /* Alamofire */ = {
			isa = XCSwiftPackageProductDependency;
			package = 38A9ADAF28217D25002BFB4B /* XCRemoteSwiftPackageReference "Alamofire" */;
			productName = Alamofire;
		};
/* End XCSwiftPackageProductDependency section */
	};
	rootObject = 38AE0930281D38FC0035EB0C /* Project object */;
}
